
Microsoft Visual Studio Solution File, Format Version 12.00
# Visual Studio 15
VisualStudioVersion = 15.0.28307.489
MinimumVisualStudioVersion = 10.0.40219.1
Project("{FAE04EC0-301F-11D3-BF4B-00C04F79EFBC}") = "Poisson Blending", "Poisson Blending\Poisson Blending.csproj", "{4E27E09A-CB5E-4272-B723-D4E8EDAE2E5E}"
EndProject
Global
	GlobalSection(SolutionConfigurationPlatforms) = preSolution
		Debug|Any CPU = Debug|Any CPU
		Release|Any CPU = Release|Any CPU
	EndGlobalSection
	GlobalSection(ProjectConfigurationPlatforms) = postSolution
		{4E27E09A-CB5E-4272-B723-D4E8EDAE2E5E}.Debug|Any CPU.ActiveCfg = Debug|Any CPU
		{4E27E09A-CB5E-4272-B723-D4E8EDAE2E5E}.Debug|Any CPU.Build.0 = Debug|Any CPU
		{4E27E09A-CB5E-4272-B723-D4E8EDAE2E5E}.Release|Any CPU.ActiveCfg = Release|Any CPU
		{4E27E09A-CB5E-4272-B723-D4E8EDAE2E5E}.Release|Any CPU.Build.0 = Release|Any CPU
	EndGlobalSection
	GlobalSection(SolutionProperties) = preSolution
		HideSolutionNode = FALSE
	EndGlobalSection
	GlobalSection(ExtensibilityGlobals) = postSolution
		SolutionGuid = {91704746-185C-4541-BB05-B2BDD93262B3}
	EndGlobalSection
EndGlobal
